
Microsoft Visual Studio Solution File, Format Version 12.00
# Visual Studio Version 17
VisualStudioVersion = 17.2.32427.441
MinimumVisualStudioVersion = 10.0.40219.1
Project("{9A19103F-16F7-4668-BE54-9A1E7A4F7556}") = "Stats", "Stats\Stats.csproj", "{40C72FC3-6ABB-4A56-80FA-A43517C39C77}"
EndProject
Global
	GlobalSection(SolutionConfigurationPlatforms) = preSolution
		Debug|Any CPU = Debug|Any CPU
		Release|Any CPU = Release|Any CPU
	EndGlobalSection
	GlobalSection(ProjectConfigurationPlatforms) = postSolution
		{40C72FC3-6ABB-4A56-80FA-A43517C39C77}.Debug|Any CPU.ActiveCfg = Debug|Any CPU
		{40C72FC3-6ABB-4A56-80FA-A43517C39C77}.Debug|Any CPU.Build.0 = Debug|Any CPU
		{40C72FC3-6ABB-4A56-80FA-A43517C39C77}.Release|Any CPU.ActiveCfg = Release|Any CPU
		{40C72FC3-6ABB-4A56-80FA-A43517C39C77}.Release|Any CPU.Build.0 = Release|Any CPU
	EndGlobalSection
	GlobalSection(SolutionProperties) = preSolution
		HideSolutionNode = FALSE
	EndGlobalSection
	GlobalSection(ExtensibilityGlobals) = postSolution
		SolutionGuid = {C86159AA-814F-4A9D-AC99-22C7C89EE4B4}
	EndGlobalSection
EndGlobal
